
Microsoft Visual Studio Solution File, Format Version 12.00
# Visual Studio Version 16
VisualStudioVersion = 16.0.28803.156
MinimumVisualStudioVersion = 10.0.40219.1
Project("{9A19103F-16F7-4668-BE54-9A1E7A4F7556}") = "WoWClassicSetStats", "WoWClasicSetBuilder\WoWClassicSetStats.csproj", "{BA7CA340-9ABA-416C-934A-9F349CE5186F}"
EndProject
Project("{9A19103F-16F7-4668-BE54-9A1E7A4F7556}") = "XUnitTestProject", "XUnitTestProject\XUnitTestProject.csproj", "{9F3570B0-B6B3-49D4-AEDA-74652AD3C48B}"
EndProject
Global
	GlobalSection(SolutionConfigurationPlatforms) = preSolution
		Debug|Any CPU = Debug|Any CPU
		Release|Any CPU = Release|Any CPU
	EndGlobalSection
	GlobalSection(ProjectConfigurationPlatforms) = postSolution
		{BA7CA340-9ABA-416C-934A-9F349CE5186F}.Debug|Any CPU.ActiveCfg = Debug|Any CPU
		{BA7CA340-9ABA-416C-934A-9F349CE5186F}.Debug|Any CPU.Build.0 = Debug|Any CPU
		{BA7CA340-9ABA-416C-934A-9F349CE5186F}.Release|Any CPU.ActiveCfg = Release|Any CPU
		{BA7CA340-9ABA-416C-934A-9F349CE5186F}.Release|Any CPU.Build.0 = Release|Any CPU
		{9F3570B0-B6B3-49D4-AEDA-74652AD3C48B}.Debug|Any CPU.ActiveCfg = Debug|Any CPU
		{9F3570B0-B6B3-49D4-AEDA-74652AD3C48B}.Debug|Any CPU.Build.0 = Debug|Any CPU
		{9F3570B0-B6B3-49D4-AEDA-74652AD3C48B}.Release|Any CPU.ActiveCfg = Release|Any CPU
		{9F3570B0-B6B3-49D4-AEDA-74652AD3C48B}.Release|Any CPU.Build.0 = Release|Any CPU
	EndGlobalSection
	GlobalSection(SolutionProperties) = preSolution
		HideSolutionNode = FALSE
	EndGlobalSection
	GlobalSection(ExtensibilityGlobals) = postSolution
		SolutionGuid = {EAFEE751-B061-4A56-B2A5-DB72F53B7154}
	EndGlobalSection
EndGlobal
